// !$*UTF8*$!
{
	archiveVersion = 1;
	classes = {
	};
	objectVersion = 46;
	objects = {

/* Begin PBXBuildFile section */
		9B9C02961E46975F00640A7D /* Constants.swift in Sources */ = {isa = PBXBuildFile; fileRef = 9B9C02951E46975F00640A7D /* Constants.swift */; };
		9B9C02981E469B9C00640A7D /* FeedVC.swift in Sources */ = {isa = PBXBuildFile; fileRef = 9B9C02971E469B9C00640A7D /* FeedVC.swift */; };
		9BBAB9731E3EB50D003400B8 /* AppDelegate.swift in Sources */ = {isa = PBXBuildFile; fileRef = 9BBAB9721E3EB50D003400B8 /* AppDelegate.swift */; };
		9BBAB9751E3EB50D003400B8 /* SignInVC.swift in Sources */ = {isa = PBXBuildFile; fileRef = 9BBAB9741E3EB50D003400B8 /* SignInVC.swift */; };
		9BBAB9781E3EB50D003400B8 /* Main.storyboard in Resources */ = {isa = PBXBuildFile; fileRef = 9BBAB9761E3EB50D003400B8 /* Main.storyboard */; };
		9BBAB97A1E3EB50D003400B8 /* Assets.xcassets in Resources */ = {isa = PBXBuildFile; fileRef = 9BBAB9791E3EB50D003400B8 /* Assets.xcassets */; };
		9BBAB97D1E3EB50D003400B8 /* LaunchScreen.storyboard in Resources */ = {isa = PBXBuildFile; fileRef = 9BBAB97B1E3EB50D003400B8 /* LaunchScreen.storyboard */; };
		9BBAB9851E3EB541003400B8 /* GoogleService-Info.plist in Resources */ = {isa = PBXBuildFile; fileRef = 9BBAB9841E3EB541003400B8 /* GoogleService-Info.plist */; };
		9BBAB98A1E3ED5E7003400B8 /* ViewChanges.swift in Sources */ = {isa = PBXBuildFile; fileRef = 9BBAB9891E3ED5E7003400B8 /* ViewChanges.swift */; };
		A5DAD9AB7902A657B2A4B616 /* Pods_social_app.framework in Frameworks */ = {isa = PBXBuildFile; fileRef = D698C5FEBD4EDF020F9639B9 /* Pods_social_app.framework */; };
/* End PBXBuildFile section */

/* Begin PBXFileReference section */
		8CFF14AAEE60A7213C144374 /* Pods-social-app.release.xcconfig */ = {isa = PBXFileReference; includeInIndex = 1; lastKnownFileType = text.xcconfig; name = "Pods-social-app.release.xcconfig"; path = "Pods/Target Support Files/Pods-social-app/Pods-social-app.release.xcconfig"; sourceTree = "<group>"; };
		9B9C02951E46975F00640A7D /* Constants.swift */ = {isa = PBXFileReference; fileEncoding = 4; lastKnownFileType = sourcecode.swift; path = Constants.swift; sourceTree = "<group>"; };
		9B9C02971E469B9C00640A7D /* FeedVC.swift */ = {isa = PBXFileReference; fileEncoding = 4; lastKnownFileType = sourcecode.swift; path = FeedVC.swift; sourceTree = "<group>"; };
		9BA1430E1E3EFFE300C5445E /* social-app.entitlements */ = {isa = PBXFileReference; lastKnownFileType = text.plist.entitlements; path = "social-app.entitlements"; sourceTree = "<group>"; };
		9BBAB96F1E3EB50D003400B8 /* social-app.app */ = {isa = PBXFileReference; explicitFileType = wrapper.application; includeInIndex = 0; path = "social-app.app"; sourceTree = BUILT_PRODUCTS_DIR; };
		9BBAB9721E3EB50D003400B8 /* AppDelegate.swift */ = {isa = PBXFileReference; lastKnownFileType = sourcecode.swift; path = AppDelegate.swift; sourceTree = "<group>"; };
		9BBAB9741E3EB50D003400B8 /* SignInVC.swift */ = {isa = PBXFileReference; lastKnownFileType = sourcecode.swift; path = SignInVC.swift; sourceTree = "<group>"; };
		9BBAB9771E3EB50D003400B8 /* Base */ = {isa = PBXFileReference; lastKnownFileType = file.storyboard; name = Base; path = Base.lproj/Main.storyboard; sourceTree = "<group>"; };
		9BBAB9791E3EB50D003400B8 /* Assets.xcassets */ = {isa = PBXFileReference; lastKnownFileType = folder.assetcatalog; path = Assets.xcassets; sourceTree = "<group>"; };
		9BBAB97C1E3EB50D003400B8 /* Base */ = {isa = PBXFileReference; lastKnownFileType = file.storyboard; name = Base; path = Base.lproj/LaunchScreen.storyboard; sourceTree = "<group>"; };
		9BBAB97E1E3EB50D003400B8 /* Info.plist */ = {isa = PBXFileReference; lastKnownFileType = text.plist.xml; path = Info.plist; sourceTree = "<group>"; };
		9BBAB9841E3EB541003400B8 /* GoogleService-Info.plist */ = {isa = PBXFileReference; fileEncoding = 4; lastKnownFileType = text.plist.xml; path = "GoogleService-Info.plist"; sourceTree = "<group>"; };
		9BBAB9891E3ED5E7003400B8 /* ViewChanges.swift */ = {isa = PBXFileReference; fileEncoding = 4; lastKnownFileType = sourcecode.swift; path = ViewChanges.swift; sourceTree = "<group>"; };
		D698C5FEBD4EDF020F9639B9 /* Pods_social_app.framework */ = {isa = PBXFileReference; explicitFileType = wrapper.framework; includeInIndex = 0; path = Pods_social_app.framework; sourceTree = BUILT_PRODUCTS_DIR; };
		DC9605E5D660BCC203A1ED44 /* Pods-social-app.debug.xcconfig */ = {isa = PBXFileReference; includeInIndex = 1; lastKnownFileType = text.xcconfig; name = "Pods-social-app.debug.xcconfig"; path = "Pods/Target Support Files/Pods-social-app/Pods-social-app.debug.xcconfig"; sourceTree = "<group>"; };
/* End PBXFileReference section */

/* Begin PBXFrameworksBuildPhase section */
		9BBAB96C1E3EB50D003400B8 /* Frameworks */ = {
			isa = PBXFrameworksBuildPhase;
			buildActionMask = 2147483647;
			files = (
				A5DAD9AB7902A657B2A4B616 /* Pods_social_app.framework in Frameworks */,
			);
			runOnlyForDeploymentPostprocessing = 0;
		};
/* End PBXFrameworksBuildPhase section */

/* Begin PBXGroup section */
		37727C8A7D94EFFC47ABF8CF /* Pods */ = {
			isa = PBXGroup;
			children = (
				DC9605E5D660BCC203A1ED44 /* Pods-social-app.debug.xcconfig */,
				8CFF14AAEE60A7213C144374 /* Pods-social-app.release.xcconfig */,
			);
			name = Pods;
			sourceTree = "<group>";
		};
		9B9C02941E46974C00640A7D /* Util */ = {
			isa = PBXGroup;
			children = (
				9B9C02951E46975F00640A7D /* Constants.swift */,
			);
			name = Util;
			sourceTree = "<group>";
		};
		9BBAB9661E3EB50D003400B8 = {
			isa = PBXGroup;
			children = (
				9BBAB9711E3EB50D003400B8 /* social-app */,
				9BBAB9701E3EB50D003400B8 /* Products */,
				37727C8A7D94EFFC47ABF8CF /* Pods */,
				AF8C71DEE29CFFA78880C7CA /* Frameworks */,
			);
			sourceTree = "<group>";
		};
		9BBAB9701E3EB50D003400B8 /* Products */ = {
			isa = PBXGroup;
			children = (
				9BBAB96F1E3EB50D003400B8 /* social-app.app */,
			);
			name = Products;
			sourceTree = "<group>";
		};
		9BBAB9711E3EB50D003400B8 /* social-app */ = {
			isa = PBXGroup;
			children = (
				9B9C02941E46974C00640A7D /* Util */,
				9BA1430E1E3EFFE300C5445E /* social-app.entitlements */,
				9BBAB9881E3EB651003400B8 /* Controller */,
				9BBAB9871E3EB64B003400B8 /* View */,
				9BBAB9861E3EB644003400B8 /* Model */,
				9BBAB9721E3EB50D003400B8 /* AppDelegate.swift */,
				9BBAB9761E3EB50D003400B8 /* Main.storyboard */,
				9BBAB9791E3EB50D003400B8 /* Assets.xcassets */,
				9BBAB97B1E3EB50D003400B8 /* LaunchScreen.storyboard */,
				9BBAB9841E3EB541003400B8 /* GoogleService-Info.plist */,
				9BBAB97E1E3EB50D003400B8 /* Info.plist */,
			);
			path = "social-app";
			sourceTree = "<group>";
		};
		9BBAB9861E3EB644003400B8 /* Model */ = {
			isa = PBXGroup;
			children = (
			);
			name = Model;
			sourceTree = "<group>";
		};
		9BBAB9871E3EB64B003400B8 /* View */ = {
			isa = PBXGroup;
			children = (
				9BBAB9891E3ED5E7003400B8 /* ViewChanges.swift */,
			);
			name = View;
			sourceTree = "<group>";
		};
		9BBAB9881E3EB651003400B8 /* Controller */ = {
			isa = PBXGroup;
			children = (
				9BBAB9741E3EB50D003400B8 /* SignInVC.swift */,
				9B9C02971E469B9C00640A7D /* FeedVC.swift */,
			);
			name = Controller;
			sourceTree = "<group>";
		};
		AF8C71DEE29CFFA78880C7CA /* Frameworks */ = {
			isa = PBXGroup;
			children = (
				D698C5FEBD4EDF020F9639B9 /* Pods_social_app.framework */,
			);
			name = Frameworks;
			sourceTree = "<group>";
		};
/* End PBXGroup section */

/* Begin PBXNativeTarget section */
		9BBAB96E1E3EB50D003400B8 /* social-app */ = {
			isa = PBXNativeTarget;
			buildConfigurationList = 9BBAB9811E3EB50D003400B8 /* Build configuration list for PBXNativeTarget "social-app" */;
			buildPhases = (
				CA3E06D3715919AB66C9DC83 /* [CP] Check Pods Manifest.lock */,
				9BBAB96B1E3EB50D003400B8 /* Sources */,
				9BBAB96C1E3EB50D003400B8 /* Frameworks */,
				9BBAB96D1E3EB50D003400B8 /* Resources */,
				BF7EE222896769F9AD472229 /* [CP] Embed Pods Frameworks */,
				9C869E99ABAE099294DEFA94 /* [CP] Copy Pods Resources */,
			);
			buildRules = (
			);
			dependencies = (
			);
			name = "social-app";
			productName = "social-app";
			productReference = 9BBAB96F1E3EB50D003400B8 /* social-app.app */;
			productType = "com.apple.product-type.application";
		};
/* End PBXNativeTarget section */

/* Begin PBXProject section */
		9BBAB9671E3EB50D003400B8 /* Project object */ = {
			isa = PBXProject;
			attributes = {
				LastSwiftUpdateCheck = 0820;
				LastUpgradeCheck = 0820;
				ORGANIZATIONNAME = "Ethan Fox";
				TargetAttributes = {
					9BBAB96E1E3EB50D003400B8 = {
						CreatedOnToolsVersion = 8.2.1;
						DevelopmentTeam = Z85NB2ZYMN;
						ProvisioningStyle = Automatic;
						SystemCapabilities = {
							com.apple.Keychain = {
								enabled = 1;
							};
						};
					};
				};
			};
			buildConfigurationList = 9BBAB96A1E3EB50D003400B8 /* Build configuration list for PBXProject "social-app" */;
			compatibilityVersion = "Xcode 3.2";
			developmentRegion = English;
			hasScannedForEncodings = 0;
			knownRegions = (
				en,
				Base,
			);
			mainGroup = 9BBAB9661E3EB50D003400B8;
			productRefGroup = 9BBAB9701E3EB50D003400B8 /* Products */;
			projectDirPath = "";
			projectRoot = "";
			targets = (
				9BBAB96E1E3EB50D003400B8 /* social-app */,
			);
		};
/* End PBXProject section */

/* Begin PBXResourcesBuildPhase section */
		9BBAB96D1E3EB50D003400B8 /* Resources */ = {
			isa = PBXResourcesBuildPhase;
			buildActionMask = 2147483647;
			files = (
				9BBAB97D1E3EB50D003400B8 /* LaunchScreen.storyboard in Resources */,
				9BBAB9851E3EB541003400B8 /* GoogleService-Info.plist in Resources */,
				9BBAB97A1E3EB50D003400B8 /* Assets.xcassets in Resources */,
				9BBAB9781E3EB50D003400B8 /* Main.storyboard in Resources */,
			);
			runOnlyForDeploymentPostprocessing = 0;
		};
/* End PBXResourcesBuildPhase section */

/* Begin PBXShellScriptBuildPhase section */
		9C869E99ABAE099294DEFA94 /* [CP] Copy Pods Resources */ = {
			isa = PBXShellScriptBuildPhase;
			buildActionMask = 2147483647;
			files = (
			);
			inputPaths = (
			);
			name = "[CP] Copy Pods Resources";
			outputPaths = (
			);
			runOnlyForDeploymentPostprocessing = 0;
			shellPath = /bin/sh;
			shellScript = "\"${SRCROOT}/Pods/Target Support Files/Pods-social-app/Pods-social-app-resources.sh\"\n";
			showEnvVarsInLog = 0;
		};
		BF7EE222896769F9AD472229 /* [CP] Embed Pods Frameworks */ = {
			isa = PBXShellScriptBuildPhase;
			buildActionMask = 2147483647;
			files = (
			);
			inputPaths = (
			);
			name = "[CP] Embed Pods Frameworks";
			outputPaths = (
			);
			runOnlyForDeploymentPostprocessing = 0;
			shellPath = /bin/sh;
			shellScript = "\"${SRCROOT}/Pods/Target Support Files/Pods-social-app/Pods-social-app-frameworks.sh\"\n";
			showEnvVarsInLog = 0;
		};
		CA3E06D3715919AB66C9DC83 /* [CP] Check Pods Manifest.lock */ = {
			isa = PBXShellScriptBuildPhase;
			buildActionMask = 2147483647;
			files = (
			);
			inputPaths = (
			);
			name = "[CP] Check Pods Manifest.lock";
			outputPaths = (
			);
			runOnlyForDeploymentPostprocessing = 0;
			shellPath = /bin/sh;
			shellScript = "diff \"${PODS_ROOT}/../Podfile.lock\" \"${PODS_ROOT}/Manifest.lock\" > /dev/null\nif [ $? != 0 ] ; then\n    # print error to STDERR\n    echo \"error: The sandbox is not in sync with the Podfile.lock. Run 'pod install' or update your CocoaPods installation.\" >&2\n    exit 1\nfi\n";
			showEnvVarsInLog = 0;
		};
/* End PBXShellScriptBuildPhase section */

/* Begin PBXSourcesBuildPhase section */
		9BBAB96B1E3EB50D003400B8 /* Sources */ = {
			isa = PBXSourcesBuildPhase;
			buildActionMask = 2147483647;
			files = (
				9BBAB9751E3EB50D003400B8 /* SignInVC.swift in Sources */,
				9BBAB9731E3EB50D003400B8 /* AppDelegate.swift in Sources */,
				9B9C02981E469B9C00640A7D /* FeedVC.swift in Sources */,
				9BBAB98A1E3ED5E7003400B8 /* ViewChanges.swift in Sources */,
				9B9C02961E46975F00640A7D /* Constants.swift in Sources */,
			);
			runOnlyForDeploymentPostprocessing = 0;
		};
/* End PBXSourcesBuildPhase section */

/* Begin PBXVariantGroup section */
		9BBAB9761E3EB50D003400B8 /* Main.storyboard */ = {
			isa = PBXVariantGroup;
			children = (
				9BBAB9771E3EB50D003400B8 /* Base */,
			);
			name = Main.storyboard;
			sourceTree = "<group>";
		};
		9BBAB97B1E3EB50D003400B8 /* LaunchScreen.storyboard */ = {
			isa = PBXVariantGroup;
			children = (
				9BBAB97C1E3EB50D003400B8 /* Base */,
			);
			name = LaunchScreen.storyboard;
			sourceTree = "<group>";
		};
/* End PBXVariantGroup section */

/* Begin XCBuildConfiguration section */
		9BBAB97F1E3EB50D003400B8 /* Debug */ = {
			isa = XCBuildConfiguration;
			buildSettings = {
				ALWAYS_SEARCH_USER_PATHS = NO;
				CLANG_ANALYZER_NONNULL = YES;
				CLANG_CXX_LANGUAGE_STANDARD = "gnu++0x";
				CLANG_CXX_LIBRARY = "libc++";
				CLANG_ENABLE_MODULES = YES;
				CLANG_ENABLE_OBJC_ARC = YES;
				CLANG_WARN_BOOL_CONVERSION = YES;
				CLANG_WARN_CONSTANT_CONVERSION = YES;
				CLANG_WARN_DIRECT_OBJC_ISA_USAGE = YES_ERROR;
				CLANG_WARN_DOCUMENTATION_COMMENTS = YES;
				CLANG_WARN_EMPTY_BODY = YES;
				CLANG_WARN_ENUM_CONVERSION = YES;
				CLANG_WARN_INFINITE_RECURSION = YES;
				CLANG_WARN_INT_CONVERSION = YES;
				CLANG_WARN_OBJC_ROOT_CLASS = YES_ERROR;
				CLANG_WARN_SUSPICIOUS_MOVE = YES;
				CLANG_WARN_UNREACHABLE_CODE = YES;
				CLANG_WARN__DUPLICATE_METHOD_MATCH = YES;
				"CODE_SIGN_IDENTITY[sdk=iphoneos*]" = "iPhone Developer";
				COPY_PHASE_STRIP = NO;
				DEBUG_INFORMATION_FORMAT = dwarf;
				ENABLE_STRICT_OBJC_MSGSEND = YES;
				ENABLE_TESTABILITY = YES;
				GCC_C_LANGUAGE_STANDARD = gnu99;
				GCC_DYNAMIC_NO_PIC = NO;
				GCC_NO_COMMON_BLOCKS = YES;
				GCC_OPTIMIZATION_LEVEL = 0;
				GCC_PREPROCESSOR_DEFINITIONS = (
					"DEBUG=1",
					"$(inherited)",
				);
				GCC_WARN_64_TO_32_BIT_CONVERSION = YES;
				GCC_WARN_ABOUT_RETURN_TYPE = YES_ERROR;
				GCC_WARN_UNDECLARED_SELECTOR = YES;
				GCC_WARN_UNINITIALIZED_AUTOS = YES_AGGRESSIVE;
				GCC_WARN_UNUSED_FUNCTION = YES;
				GCC_WARN_UNUSED_VARIABLE = YES;
				IPHONEOS_DEPLOYMENT_TARGET = 10.2;
				MTL_ENABLE_DEBUG_INFO = YES;
				ONLY_ACTIVE_ARCH = YES;
				SDKROOT = iphoneos;
				SWIFT_ACTIVE_COMPILATION_CONDITIONS = DEBUG;
				SWIFT_OPTIMIZATION_LEVEL = "-Onone";
				TARGETED_DEVICE_FAMILY = "1,2";
			};
			name = Debug;
		};
		9BBAB9801E3EB50D003400B8 /* Release */ = {
			isa = XCBuildConfiguration;
			buildSettings = {
				ALWAYS_SEARCH_USER_PATHS = NO;
				CLANG_ANALYZER_NONNULL = YES;
				CLANG_CXX_LANGUAGE_STANDARD = "gnu++0x";
				CLANG_CXX_LIBRARY = "libc++";
				CLANG_ENABLE_MODULES = YES;
				CLANG_ENABLE_OBJC_ARC = YES;
				CLANG_WARN_BOOL_CONVERSION = YES;
				CLANG_WARN_CONSTANT_CONVERSION = YES;
				CLANG_WARN_DIRECT_OBJC_ISA_USAGE = YES_ERROR;
				CLANG_WARN_DOCUMENTATION_COMMENTS = YES;
				CLANG_WARN_EMPTY_BODY = YES;
				CLANG_WARN_ENUM_CONVERSION = YES;
				CLANG_WARN_INFINITE_RECURSION = YES;
				CLANG_WARN_INT_CONVERSION = YES;
				CLANG_WARN_OBJC_ROOT_CLASS = YES_ERROR;
				CLANG_WARN_SUSPICIOUS_MOVE = YES;
				CLANG_WARN_UNREACHABLE_CODE = YES;
				CLANG_WARN__DUPLICATE_METHOD_MATCH = YES;
				"CODE_SIGN_IDENTITY[sdk=iphoneos*]" = "iPhone Developer";
				COPY_PHASE_STRIP = NO;
				DEBUG_INFORMATION_FORMAT = "dwarf-with-dsym";
				ENABLE_NS_ASSERTIONS = NO;
				ENABLE_STRICT_OBJC_MSGSEND = YES;
				GCC_C_LANGUAGE_STANDARD = gnu99;
				GCC_NO_COMMON_BLOCKS = YES;
				GCC_WARN_64_TO_32_BIT_CONVERSION = YES;
				GCC_WARN_ABOUT_RETURN_TYPE = YES_ERROR;
				GCC_WARN_UNDECLARED_SELECTOR = YES;
				GCC_WARN_UNINITIALIZED_AUTOS = YES_AGGRESSIVE;
				GCC_WARN_UNUSED_FUNCTION = YES;
				GCC_WARN_UNUSED_VARIABLE = YES;
				IPHONEOS_DEPLOYMENT_TARGET = 10.2;
				MTL_ENABLE_DEBUG_INFO = NO;
				SDKROOT = iphoneos;
				SWIFT_OPTIMIZATION_LEVEL = "-Owholemodule";
				TARGETED_DEVICE_FAMILY = "1,2";
				VALIDATE_PRODUCT = YES;
			};
			name = Release;
		};
		9BBAB9821E3EB50D003400B8 /* Debug */ = {
			isa = XCBuildConfiguration;
			baseConfigurationReference = DC9605E5D660BCC203A1ED44 /* Pods-social-app.debug.xcconfig */;
			buildSettings = {
				ASSETCATALOG_COMPILER_APPICON_NAME = AppIcon;
				CODE_SIGN_ENTITLEMENTS = "social-app/social-app.entitlements";
				DEVELOPMENT_TEAM = Z85NB2ZYMN;
				INFOPLIST_FILE = "social-app/Info.plist";
				LD_RUNPATH_SEARCH_PATHS = "$(inherited) @executable_path/Frameworks";
				PRODUCT_BUNDLE_IDENTIFIER = "com.foxdesign.social-app";
				PRODUCT_NAME = "$(TARGET_NAME)";
				SWIFT_VERSION = 3.0;
			};
			name = Debug;
		};
		9BBAB9831E3EB50D003400B8 /* Release */ = {
			isa = XCBuildConfiguration;
			baseConfigurationReference = 8CFF14AAEE60A7213C144374 /* Pods-social-app.release.xcconfig */;
			buildSettings = {
				ASSETCATALOG_COMPILER_APPICON_NAME = AppIcon;
				CODE_SIGN_ENTITLEMENTS = "social-app/social-app.entitlements";
				DEVELOPMENT_TEAM = Z85NB2ZYMN;
				INFOPLIST_FILE = "social-app/Info.plist";
				LD_RUNPATH_SEARCH_PATHS = "$(inherited) @executable_path/Frameworks";
				PRODUCT_BUNDLE_IDENTIFIER = "com.foxdesign.social-app";
				PRODUCT_NAME = "$(TARGET_NAME)";
				SWIFT_VERSION = 3.0;
			};
			name = Release;
		};
/* End XCBuildConfiguration section */

/* Begin XCConfigurationList section */
		9BBAB96A1E3EB50D003400B8 /* Build configuration list for PBXProject "social-app" */ = {
			isa = XCConfigurationList;
			buildConfigurations = (
				9BBAB97F1E3EB50D003400B8 /* Debug */,
				9BBAB9801E3EB50D003400B8 /* Release */,
			);
			defaultConfigurationIsVisible = 0;
			defaultConfigurationName = Release;
		};
		9BBAB9811E3EB50D003400B8 /* Build configuration list for PBXNativeTarget "social-app" */ = {
			isa = XCConfigurationList;
			buildConfigurations = (
				9BBAB9821E3EB50D003400B8 /* Debug */,
				9BBAB9831E3EB50D003400B8 /* Release */,
			);
			defaultConfigurationIsVisible = 0;
			defaultConfigurationName = Release;
		};
/* End XCConfigurationList section */
	};
	rootObject = 9BBAB9671E3EB50D003400B8 /* Project object */;
}
